
Microsoft Visual Studio Solution File, Format Version 12.00
# Visual Studio Version 17
VisualStudioVersion = 17.8.34511.84
MinimumVisualStudioVersion = 10.0.40219.1
Project("{FAE04EC0-301F-11D3-BF4B-00C04F79EFBC}") = "SalesManagerNew", "SalesManagerNew\SalesManagerNew.csproj", "{990D4A58-412C-4E15-AD94-F18B8722CB66}"
EndProject
Project("{FAE04EC0-301F-11D3-BF4B-00C04F79EFBC}") = "SalesManagerNew.App", "SalesManagerNew.App\SalesManagerNew.App.csproj", "{C9F7A2CF-679E-42C8-B7C9-0D486BB5EAE6}"
EndProject
Project("{FAE04EC0-301F-11D3-BF4B-00C04F79EFBC}") = "SalesManagerNew.Lib", "SalesManagerNew.Lib\SalesManagerNew.Lib.csproj", "{9238E692-A73B-44FF-A558-A07ECC5C095F}"
EndProject
Project("{FAE04EC0-301F-11D3-BF4B-00C04F79EFBC}") = "SalesManagerNew.Core", "SalesManagerNew.Core\SalesManagerNew.Core.csproj", "{B674B6B6-3708-473D-AC82-AE24243B638C}"
EndProject
Global
	GlobalSection(SolutionConfigurationPlatforms) = preSolution
		Debug|Any CPU = Debug|Any CPU
		Release|Any CPU = Release|Any CPU
	EndGlobalSection
	GlobalSection(ProjectConfigurationPlatforms) = postSolution
		{990D4A58-412C-4E15-AD94-F18B8722CB66}.Debug|Any CPU.ActiveCfg = Debug|Any CPU
		{990D4A58-412C-4E15-AD94-F18B8722CB66}.Debug|Any CPU.Build.0 = Debug|Any CPU
		{990D4A58-412C-4E15-AD94-F18B8722CB66}.Release|Any CPU.ActiveCfg = Release|Any CPU
		{990D4A58-412C-4E15-AD94-F18B8722CB66}.Release|Any CPU.Build.0 = Release|Any CPU
		{C9F7A2CF-679E-42C8-B7C9-0D486BB5EAE6}.Debug|Any CPU.ActiveCfg = Debug|Any CPU
		{C9F7A2CF-679E-42C8-B7C9-0D486BB5EAE6}.Debug|Any CPU.Build.0 = Debug|Any CPU
		{C9F7A2CF-679E-42C8-B7C9-0D486BB5EAE6}.Debug|Any CPU.Deploy.0 = Debug|Any CPU
		{C9F7A2CF-679E-42C8-B7C9-0D486BB5EAE6}.Release|Any CPU.ActiveCfg = Release|Any CPU
		{C9F7A2CF-679E-42C8-B7C9-0D486BB5EAE6}.Release|Any CPU.Build.0 = Release|Any CPU
		{C9F7A2CF-679E-42C8-B7C9-0D486BB5EAE6}.Release|Any CPU.Deploy.0 = Release|Any CPU
		{9238E692-A73B-44FF-A558-A07ECC5C095F}.Debug|Any CPU.ActiveCfg = Debug|Any CPU
		{9238E692-A73B-44FF-A558-A07ECC5C095F}.Debug|Any CPU.Build.0 = Debug|Any CPU
		{9238E692-A73B-44FF-A558-A07ECC5C095F}.Release|Any CPU.ActiveCfg = Release|Any CPU
		{9238E692-A73B-44FF-A558-A07ECC5C095F}.Release|Any CPU.Build.0 = Release|Any CPU
		{B674B6B6-3708-473D-AC82-AE24243B638C}.Debug|Any CPU.ActiveCfg = Debug|Any CPU
		{B674B6B6-3708-473D-AC82-AE24243B638C}.Debug|Any CPU.Build.0 = Debug|Any CPU
		{B674B6B6-3708-473D-AC82-AE24243B638C}.Release|Any CPU.ActiveCfg = Release|Any CPU
		{B674B6B6-3708-473D-AC82-AE24243B638C}.Release|Any CPU.Build.0 = Release|Any CPU
	EndGlobalSection
	GlobalSection(SolutionProperties) = preSolution
		HideSolutionNode = FALSE
	EndGlobalSection
	GlobalSection(ExtensibilityGlobals) = postSolution
		SolutionGuid = {5E609C0C-D6B1-4526-AF10-1AF17D59ADF6}
	EndGlobalSection
EndGlobal
